
Microsoft Visual Studio Solution File, Format Version 12.00
# Visual Studio Version 16
VisualStudioVersion = 16.0.31112.23
MinimumVisualStudioVersion = 10.0.40219.1
Project("{FAE04EC0-301F-11D3-BF4B-00C04F79EFBC}") = "gateway_20200316", "gateway_20200316\gateway_20200316.csproj", "{A67672B6-A31F-4CD3-8C96-2E125210CF86}"
EndProject
Project("{9A19103F-16F7-4668-BE54-9A1E7A4F7556}") = "auth", "auth\auth.csproj", "{0212E0F4-CBDA-47FE-B435-9E317A65C117}"
EndProject
Project("{9A19103F-16F7-4668-BE54-9A1E7A4F7556}") = "weather", "weather\weather.csproj", "{F8238320-E3FA-4254-892C-21453E90C519}"
EndProject
Global
	GlobalSection(SolutionConfigurationPlatforms) = preSolution
		Debug|Any CPU = Debug|Any CPU
		Release|Any CPU = Release|Any CPU
	EndGlobalSection
	GlobalSection(ProjectConfigurationPlatforms) = postSolution
		{A67672B6-A31F-4CD3-8C96-2E125210CF86}.Debug|Any CPU.ActiveCfg = Debug|Any CPU
		{A67672B6-A31F-4CD3-8C96-2E125210CF86}.Debug|Any CPU.Build.0 = Debug|Any CPU
		{A67672B6-A31F-4CD3-8C96-2E125210CF86}.Release|Any CPU.ActiveCfg = Release|Any CPU
		{A67672B6-A31F-4CD3-8C96-2E125210CF86}.Release|Any CPU.Build.0 = Release|Any CPU
		{0212E0F4-CBDA-47FE-B435-9E317A65C117}.Debug|Any CPU.ActiveCfg = Debug|Any CPU
		{0212E0F4-CBDA-47FE-B435-9E317A65C117}.Debug|Any CPU.Build.0 = Debug|Any CPU
		{0212E0F4-CBDA-47FE-B435-9E317A65C117}.Release|Any CPU.ActiveCfg = Release|Any CPU
		{0212E0F4-CBDA-47FE-B435-9E317A65C117}.Release|Any CPU.Build.0 = Release|Any CPU
		{F8238320-E3FA-4254-892C-21453E90C519}.Debug|Any CPU.ActiveCfg = Debug|Any CPU
		{F8238320-E3FA-4254-892C-21453E90C519}.Debug|Any CPU.Build.0 = Debug|Any CPU
		{F8238320-E3FA-4254-892C-21453E90C519}.Release|Any CPU.ActiveCfg = Release|Any CPU
		{F8238320-E3FA-4254-892C-21453E90C519}.Release|Any CPU.Build.0 = Release|Any CPU
	EndGlobalSection
	GlobalSection(SolutionProperties) = preSolution
		HideSolutionNode = FALSE
	EndGlobalSection
	GlobalSection(ExtensibilityGlobals) = postSolution
		SolutionGuid = {8081B2E7-D83B-4E55-8F70-B24B794748E9}
	EndGlobalSection
EndGlobal
